
Microsoft Visual Studio Solution File, Format Version 12.00
# Visual Studio Version 17
VisualStudioVersion = 17.3.32929.385
MinimumVisualStudioVersion = 10.0.40219.1
Project("{9A19103F-16F7-4668-BE54-9A1E7A4F7556}") = "TeduEcommerce.Domain", "src\TeduEcommerce.Domain\TeduEcommerce.Domain.csproj", "{554AD327-6DBA-4F8F-96F8-81CE7A0C863F}"
EndProject
Project("{9A19103F-16F7-4668-BE54-9A1E7A4F7556}") = "TeduEcommerce.Application", "src\TeduEcommerce.Application\TeduEcommerce.Application.csproj", "{1A94A50E-06DC-43C1-80B5-B662820EC3EB}"
EndProject
Project("{9A19103F-16F7-4668-BE54-9A1E7A4F7556}") = "TeduEcommerce.EntityFrameworkCore", "src\TeduEcommerce.EntityFrameworkCore\TeduEcommerce.EntityFrameworkCore.csproj", "{C956DD76-69C8-4A9C-83EA-D17DF83340FD}"
EndProject
Project("{2150E333-8FDC-42A3-9474-1A3956D46DE8}") = "src", "src", "{CA9AC87F-097E-4F15-8393-4BC07735A5B0}"
EndProject
Project("{2150E333-8FDC-42A3-9474-1A3956D46DE8}") = "test", "test", "{04DBDB01-70F4-4E06-B468-8F87850B22BE}"
EndProject
Project("{9A19103F-16F7-4668-BE54-9A1E7A4F7556}") = "TeduEcommerce.Application.Tests", "test\TeduEcommerce.Application.Tests\TeduEcommerce.Application.Tests.csproj", "{50B2631D-129C-47B3-A587-029CCD6099BC}"
EndProject
Project("{9A19103F-16F7-4668-BE54-9A1E7A4F7556}") = "TeduEcommerce.Domain.Shared", "src\TeduEcommerce.Domain.Shared\TeduEcommerce.Domain.Shared.csproj", "{42F719ED-8413-4895-B5B4-5AB56079BC66}"
EndProject
Project("{9A19103F-16F7-4668-BE54-9A1E7A4F7556}") = "TeduEcommerce.Application.Contracts", "src\TeduEcommerce.Application.Contracts\TeduEcommerce.Application.Contracts.csproj", "{520659C8-C734-4298-A3DA-B539DB9DFC0B}"
EndProject
Project("{9A19103F-16F7-4668-BE54-9A1E7A4F7556}") = "TeduEcommerce.HttpApi", "src\TeduEcommerce.HttpApi\TeduEcommerce.HttpApi.csproj", "{4164BDF7-F527-4E85-9CE6-E3C2D7426A27}"
EndProject
Project("{9A19103F-16F7-4668-BE54-9A1E7A4F7556}") = "TeduEcommerce.HttpApi.Client", "src\TeduEcommerce.HttpApi.Client\TeduEcommerce.HttpApi.Client.csproj", "{3B5A0094-670D-4BB1-BFDD-61B88A8773DC}"
EndProject
Project("{9A19103F-16F7-4668-BE54-9A1E7A4F7556}") = "TeduEcommerce.AuthServer", "src\TeduEcommerce.AuthServer\TeduEcommerce.AuthServer.csproj", "{073C361E-B8F4-49F5-93CC-72A3FF49C026}"
EndProject
Project("{9A19103F-16F7-4668-BE54-9A1E7A4F7556}") = "TeduEcommerce.HttpApi.Host", "src\TeduEcommerce.HttpApi.Host\TeduEcommerce.HttpApi.Host.csproj", "{E6D5BF0E-DE92-4D82-A352-EF04B37CB11C}"
EndProject
Project("{9A19103F-16F7-4668-BE54-9A1E7A4F7556}") = "TeduEcommerce.EntityFrameworkCore.Tests", "test\TeduEcommerce.EntityFrameworkCore.Tests\TeduEcommerce.EntityFrameworkCore.Tests.csproj", "{1FE30EB9-74A9-47F5-A9F6-7B1FAB672D81}"
EndProject
Project("{9A19103F-16F7-4668-BE54-9A1E7A4F7556}") = "TeduEcommerce.TestBase", "test\TeduEcommerce.TestBase\TeduEcommerce.TestBase.csproj", "{91853F21-9CD9-4132-BC29-A7D5D84FFFE7}"
EndProject
Project("{9A19103F-16F7-4668-BE54-9A1E7A4F7556}") = "TeduEcommerce.Domain.Tests", "test\TeduEcommerce.Domain.Tests\TeduEcommerce.Domain.Tests.csproj", "{E512F4D9-9375-480F-A2F6-A46509F9D824}"
EndProject
Project("{9A19103F-16F7-4668-BE54-9A1E7A4F7556}") = "TeduEcommerce.HttpApi.Client.ConsoleTestApp", "test\TeduEcommerce.HttpApi.Client.ConsoleTestApp\TeduEcommerce.HttpApi.Client.ConsoleTestApp.csproj", "{EF480016-9127-4916-8735-D2466BDBC582}"
EndProject
Project("{9A19103F-16F7-4668-BE54-9A1E7A4F7556}") = "TeduEcommerce.DbMigrator", "src\TeduEcommerce.DbMigrator\TeduEcommerce.DbMigrator.csproj", "{AA94D832-1CCC-4715-95A9-A483F23A1A5D}"
EndProject
Project("{2150E333-8FDC-42A3-9474-1A3956D46DE8}") = "Auth", "Auth", "{76367F1A-A4B1-4609-838E-C07418F6B580}"
EndProject
Project("{2150E333-8FDC-42A3-9474-1A3956D46DE8}") = "Common", "Common", "{A362AA35-C0FF-4A6B-B864-862BC380D48D}"
EndProject
Project("{2150E333-8FDC-42A3-9474-1A3956D46DE8}") = "Domain", "Domain", "{38385944-F11B-484B-868E-FD955F6F55AE}"
EndProject
Project("{2150E333-8FDC-42A3-9474-1A3956D46DE8}") = "Infrastruture", "Infrastruture", "{3DED6D71-9327-4C3D-8D98-9E6CF1A3792F}"
EndProject
Project("{2150E333-8FDC-42A3-9474-1A3956D46DE8}") = "Public", "Public", "{876EC7BF-2472-4659-82F9-706675E5112B}"
EndProject
Project("{2150E333-8FDC-42A3-9474-1A3956D46DE8}") = "Admin", "Admin", "{75FDC5F4-9C1C-464A-A649-0744979D5767}"
EndProject
Project("{9A19103F-16F7-4668-BE54-9A1E7A4F7556}") = "TeduEcommerce.Admin.Application", "src\TeduEcommerce.Admin.Application\TeduEcommerce.Admin.Application.csproj", "{CE05EB57-D70E-4B0F-9477-0277C0B3E690}"
EndProject
Project("{9A19103F-16F7-4668-BE54-9A1E7A4F7556}") = "TeduEcommerce.Admin.Application.Contracts", "src\TeduEcommerce.Admin.Application.Contracts\TeduEcommerce.Admin.Application.Contracts.csproj", "{5016A1C3-850E-44B5-B0D8-711C9D550598}"
EndProject
Project("{9A19103F-16F7-4668-BE54-9A1E7A4F7556}") = "TeduEcommerce.Admin.HttpApi", "src\TeduEcommerce.Admin.HttpApi\TeduEcommerce.Admin.HttpApi.csproj", "{DB21E6D0-461B-4A64-90BD-4A957B19CA32}"
EndProject
Project("{9A19103F-16F7-4668-BE54-9A1E7A4F7556}") = "TeduEcommerce.Admin.HttpApi.Client", "src\TeduEcommerce.Admin.HttpApi.Client\TeduEcommerce.Admin.HttpApi.Client.csproj", "{D748318B-5C0F-4C58-B832-6FA645056C0D}"
EndProject
Project("{9A19103F-16F7-4668-BE54-9A1E7A4F7556}") = "TeduEcommerce.Admin.HttpApi.Host", "src\TeduEcommerce.Admin.HttpApi.Host\TeduEcommerce.Admin.HttpApi.Host.csproj", "{83119D71-4D25-4E63-A41C-3769FA927BDF}"
EndProject
Project("{2150E333-8FDC-42A3-9474-1A3956D46DE8}") = "Public", "Public", "{07524F1C-E939-4B6F-9CCE-510093040A73}"
EndProject
Project("{2150E333-8FDC-42A3-9474-1A3956D46DE8}") = "Admin", "Admin", "{4FC7772F-2B2A-4B7F-95B0-494F92295772}"
EndProject
Project("{9A19103F-16F7-4668-BE54-9A1E7A4F7556}") = "TeduEcommerce.Admin.Application.Tests", "test\TeduEcommerce.Admin.Application.Tests\TeduEcommerce.Admin.Application.Tests.csproj", "{B63A9581-5236-4542-BA18-3BE22AB50F17}"
EndProject
Project("{9A19103F-16F7-4668-BE54-9A1E7A4F7556}") = "TeduEcommerce.Admin.HttpApi.Client.ConsoleTestApp", "test\TeduEcommerce.Admin.HttpApi.Client.ConsoleTestApp\TeduEcommerce.Admin.HttpApi.Client.ConsoleTestApp.csproj", "{311BE66C-2C9B-4FA5-A2D8-82CFD598A417}"
EndProject
Project("{2150E333-8FDC-42A3-9474-1A3956D46DE8}") = "Shared", "Shared", "{29DEF889-6D3B-4466-88A3-BF773F21E9AC}"
EndProject
Global
	GlobalSection(SolutionConfigurationPlatforms) = preSolution
		Debug|Any CPU = Debug|Any CPU
		Release|Any CPU = Release|Any CPU
	EndGlobalSection
	GlobalSection(ProjectConfigurationPlatforms) = postSolution
		{554AD327-6DBA-4F8F-96F8-81CE7A0C863F}.Debug|Any CPU.ActiveCfg = Debug|Any CPU
		{554AD327-6DBA-4F8F-96F8-81CE7A0C863F}.Debug|Any CPU.Build.0 = Debug|Any CPU
		{554AD327-6DBA-4F8F-96F8-81CE7A0C863F}.Release|Any CPU.ActiveCfg = Release|Any CPU
		{554AD327-6DBA-4F8F-96F8-81CE7A0C863F}.Release|Any CPU.Build.0 = Release|Any CPU
		{1A94A50E-06DC-43C1-80B5-B662820EC3EB}.Debug|Any CPU.ActiveCfg = Debug|Any CPU
		{1A94A50E-06DC-43C1-80B5-B662820EC3EB}.Debug|Any CPU.Build.0 = Debug|Any CPU
		{1A94A50E-06DC-43C1-80B5-B662820EC3EB}.Release|Any CPU.ActiveCfg = Release|Any CPU
		{1A94A50E-06DC-43C1-80B5-B662820EC3EB}.Release|Any CPU.Build.0 = Release|Any CPU
		{C956DD76-69C8-4A9C-83EA-D17DF83340FD}.Debug|Any CPU.ActiveCfg = Debug|Any CPU
		{C956DD76-69C8-4A9C-83EA-D17DF83340FD}.Debug|Any CPU.Build.0 = Debug|Any CPU
		{C956DD76-69C8-4A9C-83EA-D17DF83340FD}.Release|Any CPU.ActiveCfg = Release|Any CPU
		{C956DD76-69C8-4A9C-83EA-D17DF83340FD}.Release|Any CPU.Build.0 = Release|Any CPU
		{50B2631D-129C-47B3-A587-029CCD6099BC}.Debug|Any CPU.ActiveCfg = Debug|Any CPU
		{50B2631D-129C-47B3-A587-029CCD6099BC}.Debug|Any CPU.Build.0 = Debug|Any CPU
		{50B2631D-129C-47B3-A587-029CCD6099BC}.Release|Any CPU.ActiveCfg = Release|Any CPU
		{50B2631D-129C-47B3-A587-029CCD6099BC}.Release|Any CPU.Build.0 = Release|Any CPU
		{42F719ED-8413-4895-B5B4-5AB56079BC66}.Debug|Any CPU.ActiveCfg = Debug|Any CPU
		{42F719ED-8413-4895-B5B4-5AB56079BC66}.Debug|Any CPU.Build.0 = Debug|Any CPU
		{42F719ED-8413-4895-B5B4-5AB56079BC66}.Release|Any CPU.ActiveCfg = Release|Any CPU
		{42F719ED-8413-4895-B5B4-5AB56079BC66}.Release|Any CPU.Build.0 = Release|Any CPU
		{520659C8-C734-4298-A3DA-B539DB9DFC0B}.Debug|Any CPU.ActiveCfg = Debug|Any CPU
		{520659C8-C734-4298-A3DA-B539DB9DFC0B}.Debug|Any CPU.Build.0 = Debug|Any CPU
		{520659C8-C734-4298-A3DA-B539DB9DFC0B}.Release|Any CPU.ActiveCfg = Release|Any CPU
		{520659C8-C734-4298-A3DA-B539DB9DFC0B}.Release|Any CPU.Build.0 = Release|Any CPU
		{4164BDF7-F527-4E85-9CE6-E3C2D7426A27}.Debug|Any CPU.ActiveCfg = Debug|Any CPU
		{4164BDF7-F527-4E85-9CE6-E3C2D7426A27}.Debug|Any CPU.Build.0 = Debug|Any CPU
		{4164BDF7-F527-4E85-9CE6-E3C2D7426A27}.Release|Any CPU.ActiveCfg = Release|Any CPU
		{4164BDF7-F527-4E85-9CE6-E3C2D7426A27}.Release|Any CPU.Build.0 = Release|Any CPU
		{3B5A0094-670D-4BB1-BFDD-61B88A8773DC}.Debug|Any CPU.ActiveCfg = Debug|Any CPU
		{3B5A0094-670D-4BB1-BFDD-61B88A8773DC}.Debug|Any CPU.Build.0 = Debug|Any CPU
		{3B5A0094-670D-4BB1-BFDD-61B88A8773DC}.Release|Any CPU.ActiveCfg = Release|Any CPU
		{3B5A0094-670D-4BB1-BFDD-61B88A8773DC}.Release|Any CPU.Build.0 = Release|Any CPU
		{073C361E-B8F4-49F5-93CC-72A3FF49C026}.Debug|Any CPU.ActiveCfg = Debug|Any CPU
		{073C361E-B8F4-49F5-93CC-72A3FF49C026}.Debug|Any CPU.Build.0 = Debug|Any CPU
		{073C361E-B8F4-49F5-93CC-72A3FF49C026}.Release|Any CPU.ActiveCfg = Release|Any CPU
		{073C361E-B8F4-49F5-93CC-72A3FF49C026}.Release|Any CPU.Build.0 = Release|Any CPU
		{E6D5BF0E-DE92-4D82-A352-EF04B37CB11C}.Debug|Any CPU.ActiveCfg = Debug|Any CPU
		{E6D5BF0E-DE92-4D82-A352-EF04B37CB11C}.Debug|Any CPU.Build.0 = Debug|Any CPU
		{E6D5BF0E-DE92-4D82-A352-EF04B37CB11C}.Release|Any CPU.ActiveCfg = Release|Any CPU
		{E6D5BF0E-DE92-4D82-A352-EF04B37CB11C}.Release|Any CPU.Build.0 = Release|Any CPU
		{1FE30EB9-74A9-47F5-A9F6-7B1FAB672D81}.Debug|Any CPU.ActiveCfg = Debug|Any CPU
		{1FE30EB9-74A9-47F5-A9F6-7B1FAB672D81}.Debug|Any CPU.Build.0 = Debug|Any CPU
		{1FE30EB9-74A9-47F5-A9F6-7B1FAB672D81}.Release|Any CPU.ActiveCfg = Release|Any CPU
		{1FE30EB9-74A9-47F5-A9F6-7B1FAB672D81}.Release|Any CPU.Build.0 = Release|Any CPU
		{91853F21-9CD9-4132-BC29-A7D5D84FFFE7}.Debug|Any CPU.ActiveCfg = Debug|Any CPU
		{91853F21-9CD9-4132-BC29-A7D5D84FFFE7}.Debug|Any CPU.Build.0 = Debug|Any CPU
		{91853F21-9CD9-4132-BC29-A7D5D84FFFE7}.Release|Any CPU.ActiveCfg = Release|Any CPU
		{91853F21-9CD9-4132-BC29-A7D5D84FFFE7}.Release|Any CPU.Build.0 = Release|Any CPU
		{E512F4D9-9375-480F-A2F6-A46509F9D824}.Debug|Any CPU.ActiveCfg = Debug|Any CPU
		{E512F4D9-9375-480F-A2F6-A46509F9D824}.Debug|Any CPU.Build.0 = Debug|Any CPU
		{E512F4D9-9375-480F-A2F6-A46509F9D824}.Release|Any CPU.ActiveCfg = Release|Any CPU
		{E512F4D9-9375-480F-A2F6-A46509F9D824}.Release|Any CPU.Build.0 = Release|Any CPU
		{EF480016-9127-4916-8735-D2466BDBC582}.Debug|Any CPU.ActiveCfg = Debug|Any CPU
		{EF480016-9127-4916-8735-D2466BDBC582}.Debug|Any CPU.Build.0 = Debug|Any CPU
		{EF480016-9127-4916-8735-D2466BDBC582}.Release|Any CPU.ActiveCfg = Release|Any CPU
		{EF480016-9127-4916-8735-D2466BDBC582}.Release|Any CPU.Build.0 = Release|Any CPU
		{AA94D832-1CCC-4715-95A9-A483F23A1A5D}.Debug|Any CPU.ActiveCfg = Debug|Any CPU
		{AA94D832-1CCC-4715-95A9-A483F23A1A5D}.Debug|Any CPU.Build.0 = Debug|Any CPU
		{AA94D832-1CCC-4715-95A9-A483F23A1A5D}.Release|Any CPU.ActiveCfg = Release|Any CPU
		{AA94D832-1CCC-4715-95A9-A483F23A1A5D}.Release|Any CPU.Build.0 = Release|Any CPU
		{CE05EB57-D70E-4B0F-9477-0277C0B3E690}.Debug|Any CPU.ActiveCfg = Debug|Any CPU
		{CE05EB57-D70E-4B0F-9477-0277C0B3E690}.Debug|Any CPU.Build.0 = Debug|Any CPU
		{CE05EB57-D70E-4B0F-9477-0277C0B3E690}.Release|Any CPU.ActiveCfg = Release|Any CPU
		{CE05EB57-D70E-4B0F-9477-0277C0B3E690}.Release|Any CPU.Build.0 = Release|Any CPU
		{5016A1C3-850E-44B5-B0D8-711C9D550598}.Debug|Any CPU.ActiveCfg = Debug|Any CPU
		{5016A1C3-850E-44B5-B0D8-711C9D550598}.Debug|Any CPU.Build.0 = Debug|Any CPU
		{5016A1C3-850E-44B5-B0D8-711C9D550598}.Release|Any CPU.ActiveCfg = Release|Any CPU
		{5016A1C3-850E-44B5-B0D8-711C9D550598}.Release|Any CPU.Build.0 = Release|Any CPU
		{DB21E6D0-461B-4A64-90BD-4A957B19CA32}.Debug|Any CPU.ActiveCfg = Debug|Any CPU
		{DB21E6D0-461B-4A64-90BD-4A957B19CA32}.Debug|Any CPU.Build.0 = Debug|Any CPU
		{DB21E6D0-461B-4A64-90BD-4A957B19CA32}.Release|Any CPU.ActiveCfg = Release|Any CPU
		{DB21E6D0-461B-4A64-90BD-4A957B19CA32}.Release|Any CPU.Build.0 = Release|Any CPU
		{D748318B-5C0F-4C58-B832-6FA645056C0D}.Debug|Any CPU.ActiveCfg = Debug|Any CPU
		{D748318B-5C0F-4C58-B832-6FA645056C0D}.Debug|Any CPU.Build.0 = Debug|Any CPU
		{D748318B-5C0F-4C58-B832-6FA645056C0D}.Release|Any CPU.ActiveCfg = Release|Any CPU
		{D748318B-5C0F-4C58-B832-6FA645056C0D}.Release|Any CPU.Build.0 = Release|Any CPU
		{83119D71-4D25-4E63-A41C-3769FA927BDF}.Debug|Any CPU.ActiveCfg = Debug|Any CPU
		{83119D71-4D25-4E63-A41C-3769FA927BDF}.Debug|Any CPU.Build.0 = Debug|Any CPU
		{83119D71-4D25-4E63-A41C-3769FA927BDF}.Release|Any CPU.ActiveCfg = Release|Any CPU
		{83119D71-4D25-4E63-A41C-3769FA927BDF}.Release|Any CPU.Build.0 = Release|Any CPU
		{B63A9581-5236-4542-BA18-3BE22AB50F17}.Debug|Any CPU.ActiveCfg = Debug|Any CPU
		{B63A9581-5236-4542-BA18-3BE22AB50F17}.Debug|Any CPU.Build.0 = Debug|Any CPU
		{B63A9581-5236-4542-BA18-3BE22AB50F17}.Release|Any CPU.ActiveCfg = Release|Any CPU
		{B63A9581-5236-4542-BA18-3BE22AB50F17}.Release|Any CPU.Build.0 = Release|Any CPU
		{311BE66C-2C9B-4FA5-A2D8-82CFD598A417}.Debug|Any CPU.ActiveCfg = Debug|Any CPU
		{311BE66C-2C9B-4FA5-A2D8-82CFD598A417}.Debug|Any CPU.Build.0 = Debug|Any CPU
		{311BE66C-2C9B-4FA5-A2D8-82CFD598A417}.Release|Any CPU.ActiveCfg = Release|Any CPU
		{311BE66C-2C9B-4FA5-A2D8-82CFD598A417}.Release|Any CPU.Build.0 = Release|Any CPU
	EndGlobalSection
	GlobalSection(SolutionProperties) = preSolution
		HideSolutionNode = FALSE
	EndGlobalSection
	GlobalSection(NestedProjects) = preSolution
		{554AD327-6DBA-4F8F-96F8-81CE7A0C863F} = {38385944-F11B-484B-868E-FD955F6F55AE}
		{1A94A50E-06DC-43C1-80B5-B662820EC3EB} = {876EC7BF-2472-4659-82F9-706675E5112B}
		{C956DD76-69C8-4A9C-83EA-D17DF83340FD} = {3DED6D71-9327-4C3D-8D98-9E6CF1A3792F}
		{50B2631D-129C-47B3-A587-029CCD6099BC} = {07524F1C-E939-4B6F-9CCE-510093040A73}
		{42F719ED-8413-4895-B5B4-5AB56079BC66} = {38385944-F11B-484B-868E-FD955F6F55AE}
		{520659C8-C734-4298-A3DA-B539DB9DFC0B} = {876EC7BF-2472-4659-82F9-706675E5112B}
		{4164BDF7-F527-4E85-9CE6-E3C2D7426A27} = {876EC7BF-2472-4659-82F9-706675E5112B}
		{3B5A0094-670D-4BB1-BFDD-61B88A8773DC} = {876EC7BF-2472-4659-82F9-706675E5112B}
		{073C361E-B8F4-49F5-93CC-72A3FF49C026} = {76367F1A-A4B1-4609-838E-C07418F6B580}
		{E6D5BF0E-DE92-4D82-A352-EF04B37CB11C} = {876EC7BF-2472-4659-82F9-706675E5112B}
		{1FE30EB9-74A9-47F5-A9F6-7B1FAB672D81} = {07524F1C-E939-4B6F-9CCE-510093040A73}
		{91853F21-9CD9-4132-BC29-A7D5D84FFFE7} = {29DEF889-6D3B-4466-88A3-BF773F21E9AC}
		{E512F4D9-9375-480F-A2F6-A46509F9D824} = {29DEF889-6D3B-4466-88A3-BF773F21E9AC}
		{EF480016-9127-4916-8735-D2466BDBC582} = {29DEF889-6D3B-4466-88A3-BF773F21E9AC}
		{AA94D832-1CCC-4715-95A9-A483F23A1A5D} = {3DED6D71-9327-4C3D-8D98-9E6CF1A3792F}
		{76367F1A-A4B1-4609-838E-C07418F6B580} = {CA9AC87F-097E-4F15-8393-4BC07735A5B0}
		{A362AA35-C0FF-4A6B-B864-862BC380D48D} = {CA9AC87F-097E-4F15-8393-4BC07735A5B0}
		{38385944-F11B-484B-868E-FD955F6F55AE} = {A362AA35-C0FF-4A6B-B864-862BC380D48D}
		{3DED6D71-9327-4C3D-8D98-9E6CF1A3792F} = {A362AA35-C0FF-4A6B-B864-862BC380D48D}
		{876EC7BF-2472-4659-82F9-706675E5112B} = {CA9AC87F-097E-4F15-8393-4BC07735A5B0}
		{75FDC5F4-9C1C-464A-A649-0744979D5767} = {CA9AC87F-097E-4F15-8393-4BC07735A5B0}
		{CE05EB57-D70E-4B0F-9477-0277C0B3E690} = {75FDC5F4-9C1C-464A-A649-0744979D5767}
		{5016A1C3-850E-44B5-B0D8-711C9D550598} = {75FDC5F4-9C1C-464A-A649-0744979D5767}
		{DB21E6D0-461B-4A64-90BD-4A957B19CA32} = {75FDC5F4-9C1C-464A-A649-0744979D5767}
		{D748318B-5C0F-4C58-B832-6FA645056C0D} = {75FDC5F4-9C1C-464A-A649-0744979D5767}
		{83119D71-4D25-4E63-A41C-3769FA927BDF} = {75FDC5F4-9C1C-464A-A649-0744979D5767}
		{07524F1C-E939-4B6F-9CCE-510093040A73} = {04DBDB01-70F4-4E06-B468-8F87850B22BE}
		{4FC7772F-2B2A-4B7F-95B0-494F92295772} = {04DBDB01-70F4-4E06-B468-8F87850B22BE}
		{B63A9581-5236-4542-BA18-3BE22AB50F17} = {4FC7772F-2B2A-4B7F-95B0-494F92295772}
		{311BE66C-2C9B-4FA5-A2D8-82CFD598A417} = {4FC7772F-2B2A-4B7F-95B0-494F92295772}
		{29DEF889-6D3B-4466-88A3-BF773F21E9AC} = {04DBDB01-70F4-4E06-B468-8F87850B22BE}
	EndGlobalSection
	GlobalSection(ExtensibilityGlobals) = postSolution
		SolutionGuid = {28315BFD-90E7-4E14-A2EA-F3D23AF4126F}
	EndGlobalSection
EndGlobal
