
Microsoft Visual Studio Solution File, Format Version 12.00
# Visual Studio Version 17
VisualStudioVersion = 17.10.35027.167
MinimumVisualStudioVersion = 10.0.40219.1
Project("{9A19103F-16F7-4668-BE54-9A1E7A4F7556}") = "TeduEcommerce.Domain", "src\TeduEcommerce.Domain\TeduEcommerce.Domain.csproj", "{554AD327-6DBA-4F8F-96F8-81CE7A0C863F}"
EndProject
Project("{9A19103F-16F7-4668-BE54-9A1E7A4F7556}") = "TeduEcommerce.Application", "src\TeduEcommerce.Application\TeduEcommerce.Application.csproj", "{1A94A50E-06DC-43C1-80B5-B662820EC3EB}"
EndProject
Project("{9A19103F-16F7-4668-BE54-9A1E7A4F7556}") = "TeduEcommerce.EntityFrameworkCore", "src\TeduEcommerce.EntityFrameworkCore\TeduEcommerce.EntityFrameworkCore.csproj", "{C956DD76-69C8-4A9C-83EA-D17DF83340FD}"
EndProject
Project("{2150E333-8FDC-42A3-9474-1A3956D46DE8}") = "src", "src", "{CA9AC87F-097E-4F15-8393-4BC07735A5B0}"
EndProject
Project("{2150E333-8FDC-42A3-9474-1A3956D46DE8}") = "test", "test", "{04DBDB01-70F4-4E06-B468-8F87850B22BE}"
EndProject
Project("{9A19103F-16F7-4668-BE54-9A1E7A4F7556}") = "TeduEcommerce.Application.Tests", "test\TeduEcommerce.Application.Tests\TeduEcommerce.Application.Tests.csproj", "{50B2631D-129C-47B3-A587-029CCD6099BC}"
EndProject
Project("{9A19103F-16F7-4668-BE54-9A1E7A4F7556}") = "TeduEcommerce.Domain.Shared", "src\TeduEcommerce.Domain.Shared\TeduEcommerce.Domain.Shared.csproj", "{42F719ED-8413-4895-B5B4-5AB56079BC66}"
EndProject
Project("{9A19103F-16F7-4668-BE54-9A1E7A4F7556}") = "TeduEcommerce.Application.Contracts", "src\TeduEcommerce.Application.Contracts\TeduEcommerce.Application.Contracts.csproj", "{520659C8-C734-4298-A3DA-B539DB9DFC0B}"
EndProject
Project("{9A19103F-16F7-4668-BE54-9A1E7A4F7556}") = "TeduEcommerce.HttpApi", "src\TeduEcommerce.HttpApi\TeduEcommerce.HttpApi.csproj", "{4164BDF7-F527-4E85-9CE6-E3C2D7426A27}"
EndProject
Project("{9A19103F-16F7-4668-BE54-9A1E7A4F7556}") = "TeduEcommerce.HttpApi.Client", "src\TeduEcommerce.HttpApi.Client\TeduEcommerce.HttpApi.Client.csproj", "{3B5A0094-670D-4BB1-BFDD-61B88A8773DC}"
EndProject
Project("{9A19103F-16F7-4668-BE54-9A1E7A4F7556}") = "TeduEcommerce.AuthServer", "src\TeduEcommerce.AuthServer\TeduEcommerce.AuthServer.csproj", "{073C361E-B8F4-49F5-93CC-72A3FF49C026}"
EndProject
Project("{9A19103F-16F7-4668-BE54-9A1E7A4F7556}") = "TeduEcommerce.HttpApi.Host", "src\TeduEcommerce.HttpApi.Host\TeduEcommerce.HttpApi.Host.csproj", "{E6D5BF0E-DE92-4D82-A352-EF04B37CB11C}"
EndProject
Project("{9A19103F-16F7-4668-BE54-9A1E7A4F7556}") = "TeduEcommerce.EntityFrameworkCore.Tests", "test\TeduEcommerce.EntityFrameworkCore.Tests\TeduEcommerce.EntityFrameworkCore.Tests.csproj", "{1FE30EB9-74A9-47F5-A9F6-7B1FAB672D81}"
EndProject
Project("{9A19103F-16F7-4668-BE54-9A1E7A4F7556}") = "TeduEcommerce.TestBase", "test\TeduEcommerce.TestBase\TeduEcommerce.TestBase.csproj", "{91853F21-9CD9-4132-BC29-A7D5D84FFFE7}"
EndProject
Project("{9A19103F-16F7-4668-BE54-9A1E7A4F7556}") = "TeduEcommerce.Domain.Tests", "test\TeduEcommerce.Domain.Tests\TeduEcommerce.Domain.Tests.csproj", "{E512F4D9-9375-480F-A2F6-A46509F9D824}"
EndProject
Project("{9A19103F-16F7-4668-BE54-9A1E7A4F7556}") = "TeduEcommerce.HttpApi.Client.ConsoleTestApp", "test\TeduEcommerce.HttpApi.Client.ConsoleTestApp\TeduEcommerce.HttpApi.Client.ConsoleTestApp.csproj", "{EF480016-9127-4916-8735-D2466BDBC582}"
EndProject
Project("{9A19103F-16F7-4668-BE54-9A1E7A4F7556}") = "TeduEcommerce.DbMigrator", "src\TeduEcommerce.DbMigrator\TeduEcommerce.DbMigrator.csproj", "{AA94D832-1CCC-4715-95A9-A483F23A1A5D}"
EndProject
Project("{2150E333-8FDC-42A3-9474-1A3956D46DE8}") = "admin", "admin", "{061DAFCA-3F14-4165-9C30-DFD14AEF1B1D}"
EndProject
Project("{2150E333-8FDC-42A3-9474-1A3956D46DE8}") = "public", "public", "{4AFA92D3-F1DD-4D75-BFEC-8A1D0D19492F}"
EndProject
Project("{2150E333-8FDC-42A3-9474-1A3956D46DE8}") = "common", "common", "{370000CC-13DA-484A-A3FB-EDFD08011E6B}"
EndProject
Project("{2150E333-8FDC-42A3-9474-1A3956D46DE8}") = "identity", "identity", "{8F0E1468-824C-46B2-899E-B6C7AF78D4F6}"
EndProject
Project("{2150E333-8FDC-42A3-9474-1A3956D46DE8}") = "domain", "domain", "{9441C212-A1CA-474E-B371-21154786D518}"
EndProject
Project("{2150E333-8FDC-42A3-9474-1A3956D46DE8}") = "infrastructure", "infrastructure", "{22BD7364-1DB5-4B47-BBDC-080A5FDB8437}"
EndProject
Project("{9A19103F-16F7-4668-BE54-9A1E7A4F7556}") = "TeduEcommerce.Admin.Application", "src\TeduEcommerce.Admin.Application\TeduEcommerce.Admin.Application.csproj", "{C5898D27-9B5F-4DC4-BECD-7E9DBC0DDD8C}"
EndProject
Project("{9A19103F-16F7-4668-BE54-9A1E7A4F7556}") = "TeduEcommerce.Admin.Application.Contracts", "src\TeduEcommerce.Admin.Application.Contracts\TeduEcommerce.Admin.Application.Contracts.csproj", "{49CCE0F8-A65E-4832-92FF-9F29D73DFF36}"
EndProject
Project("{9A19103F-16F7-4668-BE54-9A1E7A4F7556}") = "TeduEcommerce.Admin.HttpApi", "src\TeduEcommerce.Admin.HttpApi\TeduEcommerce.Admin.HttpApi.csproj", "{2B450A7A-5C96-4FA2-8CDC-861D0F8058E8}"
EndProject
Project("{9A19103F-16F7-4668-BE54-9A1E7A4F7556}") = "TeduEcommerce.Admin.HttpApi.Client", "src\TeduEcommerce.Admin.HttpApi.Client\TeduEcommerce.Admin.HttpApi.Client.csproj", "{F17F10FB-9E6A-43B6-9E7C-5F0FB5F38A4C}"
EndProject
Project("{9A19103F-16F7-4668-BE54-9A1E7A4F7556}") = "TeduEcommerce.Admin.HttpApi.Host", "src\TeduEcommerce.Admin.HttpApi.Host\TeduEcommerce.Admin.HttpApi.Host.csproj", "{21B0012E-7D3C-4610-A36A-A7AE233D9E55}"
EndProject
Project("{2150E333-8FDC-42A3-9474-1A3956D46DE8}") = "admin", "admin", "{FD20E5CB-3C12-4542-9F99-FD79AAB5742E}"
EndProject
Project("{2150E333-8FDC-42A3-9474-1A3956D46DE8}") = "public", "public", "{42FD09E3-15F7-43FA-8903-A8A1AB1422E5}"
EndProject
Project("{2150E333-8FDC-42A3-9474-1A3956D46DE8}") = "shared", "shared", "{402E5808-B4FF-4606-9860-88DB671F5755}"
EndProject
Project("{9A19103F-16F7-4668-BE54-9A1E7A4F7556}") = "TeduEcommerce.Admin.Application.Tests", "test\TeduEcommerce.Admin.Application.Tests\TeduEcommerce.Admin.Application.Tests.csproj", "{C2034CB4-6D7C-44AB-90F3-5F0AC12752B7}"
EndProject
Project("{9A19103F-16F7-4668-BE54-9A1E7A4F7556}") = "TeduEcommerce.Admin.HttpApi.Client.ConsoleTestApp", "test\TeduEcommerce.Admin.HttpApi.Client.ConsoleTestApp\TeduEcommerce.Admin.HttpApi.Client.ConsoleTestApp.csproj", "{7BA44863-5E1B-4C63-8A9C-505C3E72B016}"
EndProject
Global
	GlobalSection(SolutionConfigurationPlatforms) = preSolution
		Debug|Any CPU = Debug|Any CPU
		Release|Any CPU = Release|Any CPU
	EndGlobalSection
	GlobalSection(ProjectConfigurationPlatforms) = postSolution
		{554AD327-6DBA-4F8F-96F8-81CE7A0C863F}.Debug|Any CPU.ActiveCfg = Debug|Any CPU
		{554AD327-6DBA-4F8F-96F8-81CE7A0C863F}.Debug|Any CPU.Build.0 = Debug|Any CPU
		{554AD327-6DBA-4F8F-96F8-81CE7A0C863F}.Release|Any CPU.ActiveCfg = Release|Any CPU
		{554AD327-6DBA-4F8F-96F8-81CE7A0C863F}.Release|Any CPU.Build.0 = Release|Any CPU
		{1A94A50E-06DC-43C1-80B5-B662820EC3EB}.Debug|Any CPU.ActiveCfg = Debug|Any CPU
		{1A94A50E-06DC-43C1-80B5-B662820EC3EB}.Debug|Any CPU.Build.0 = Debug|Any CPU
		{1A94A50E-06DC-43C1-80B5-B662820EC3EB}.Release|Any CPU.ActiveCfg = Release|Any CPU
		{1A94A50E-06DC-43C1-80B5-B662820EC3EB}.Release|Any CPU.Build.0 = Release|Any CPU
		{C956DD76-69C8-4A9C-83EA-D17DF83340FD}.Debug|Any CPU.ActiveCfg = Debug|Any CPU
		{C956DD76-69C8-4A9C-83EA-D17DF83340FD}.Debug|Any CPU.Build.0 = Debug|Any CPU
		{C956DD76-69C8-4A9C-83EA-D17DF83340FD}.Release|Any CPU.ActiveCfg = Release|Any CPU
		{C956DD76-69C8-4A9C-83EA-D17DF83340FD}.Release|Any CPU.Build.0 = Release|Any CPU
		{50B2631D-129C-47B3-A587-029CCD6099BC}.Debug|Any CPU.ActiveCfg = Debug|Any CPU
		{50B2631D-129C-47B3-A587-029CCD6099BC}.Debug|Any CPU.Build.0 = Debug|Any CPU
		{50B2631D-129C-47B3-A587-029CCD6099BC}.Release|Any CPU.ActiveCfg = Release|Any CPU
		{50B2631D-129C-47B3-A587-029CCD6099BC}.Release|Any CPU.Build.0 = Release|Any CPU
		{42F719ED-8413-4895-B5B4-5AB56079BC66}.Debug|Any CPU.ActiveCfg = Debug|Any CPU
		{42F719ED-8413-4895-B5B4-5AB56079BC66}.Debug|Any CPU.Build.0 = Debug|Any CPU
		{42F719ED-8413-4895-B5B4-5AB56079BC66}.Release|Any CPU.ActiveCfg = Release|Any CPU
		{42F719ED-8413-4895-B5B4-5AB56079BC66}.Release|Any CPU.Build.0 = Release|Any CPU
		{520659C8-C734-4298-A3DA-B539DB9DFC0B}.Debug|Any CPU.ActiveCfg = Debug|Any CPU
		{520659C8-C734-4298-A3DA-B539DB9DFC0B}.Debug|Any CPU.Build.0 = Debug|Any CPU
		{520659C8-C734-4298-A3DA-B539DB9DFC0B}.Release|Any CPU.ActiveCfg = Release|Any CPU
		{520659C8-C734-4298-A3DA-B539DB9DFC0B}.Release|Any CPU.Build.0 = Release|Any CPU
		{4164BDF7-F527-4E85-9CE6-E3C2D7426A27}.Debug|Any CPU.ActiveCfg = Debug|Any CPU
		{4164BDF7-F527-4E85-9CE6-E3C2D7426A27}.Debug|Any CPU.Build.0 = Debug|Any CPU
		{4164BDF7-F527-4E85-9CE6-E3C2D7426A27}.Release|Any CPU.ActiveCfg = Release|Any CPU
		{4164BDF7-F527-4E85-9CE6-E3C2D7426A27}.Release|Any CPU.Build.0 = Release|Any CPU
		{3B5A0094-670D-4BB1-BFDD-61B88A8773DC}.Debug|Any CPU.ActiveCfg = Debug|Any CPU
		{3B5A0094-670D-4BB1-BFDD-61B88A8773DC}.Debug|Any CPU.Build.0 = Debug|Any CPU
		{3B5A0094-670D-4BB1-BFDD-61B88A8773DC}.Release|Any CPU.ActiveCfg = Release|Any CPU
		{3B5A0094-670D-4BB1-BFDD-61B88A8773DC}.Release|Any CPU.Build.0 = Release|Any CPU
		{073C361E-B8F4-49F5-93CC-72A3FF49C026}.Debug|Any CPU.ActiveCfg = Debug|Any CPU
		{073C361E-B8F4-49F5-93CC-72A3FF49C026}.Debug|Any CPU.Build.0 = Debug|Any CPU
		{073C361E-B8F4-49F5-93CC-72A3FF49C026}.Release|Any CPU.ActiveCfg = Release|Any CPU
		{073C361E-B8F4-49F5-93CC-72A3FF49C026}.Release|Any CPU.Build.0 = Release|Any CPU
		{E6D5BF0E-DE92-4D82-A352-EF04B37CB11C}.Debug|Any CPU.ActiveCfg = Debug|Any CPU
		{E6D5BF0E-DE92-4D82-A352-EF04B37CB11C}.Debug|Any CPU.Build.0 = Debug|Any CPU
		{E6D5BF0E-DE92-4D82-A352-EF04B37CB11C}.Release|Any CPU.ActiveCfg = Release|Any CPU
		{E6D5BF0E-DE92-4D82-A352-EF04B37CB11C}.Release|Any CPU.Build.0 = Release|Any CPU
		{1FE30EB9-74A9-47F5-A9F6-7B1FAB672D81}.Debug|Any CPU.ActiveCfg = Debug|Any CPU
		{1FE30EB9-74A9-47F5-A9F6-7B1FAB672D81}.Debug|Any CPU.Build.0 = Debug|Any CPU
		{1FE30EB9-74A9-47F5-A9F6-7B1FAB672D81}.Release|Any CPU.ActiveCfg = Release|Any CPU
		{1FE30EB9-74A9-47F5-A9F6-7B1FAB672D81}.Release|Any CPU.Build.0 = Release|Any CPU
		{91853F21-9CD9-4132-BC29-A7D5D84FFFE7}.Debug|Any CPU.ActiveCfg = Debug|Any CPU
		{91853F21-9CD9-4132-BC29-A7D5D84FFFE7}.Debug|Any CPU.Build.0 = Debug|Any CPU
		{91853F21-9CD9-4132-BC29-A7D5D84FFFE7}.Release|Any CPU.ActiveCfg = Release|Any CPU
		{91853F21-9CD9-4132-BC29-A7D5D84FFFE7}.Release|Any CPU.Build.0 = Release|Any CPU
		{E512F4D9-9375-480F-A2F6-A46509F9D824}.Debug|Any CPU.ActiveCfg = Debug|Any CPU
		{E512F4D9-9375-480F-A2F6-A46509F9D824}.Debug|Any CPU.Build.0 = Debug|Any CPU
		{E512F4D9-9375-480F-A2F6-A46509F9D824}.Release|Any CPU.ActiveCfg = Release|Any CPU
		{E512F4D9-9375-480F-A2F6-A46509F9D824}.Release|Any CPU.Build.0 = Release|Any CPU
		{EF480016-9127-4916-8735-D2466BDBC582}.Debug|Any CPU.ActiveCfg = Debug|Any CPU
		{EF480016-9127-4916-8735-D2466BDBC582}.Debug|Any CPU.Build.0 = Debug|Any CPU
		{EF480016-9127-4916-8735-D2466BDBC582}.Release|Any CPU.ActiveCfg = Release|Any CPU
		{EF480016-9127-4916-8735-D2466BDBC582}.Release|Any CPU.Build.0 = Release|Any CPU
		{AA94D832-1CCC-4715-95A9-A483F23A1A5D}.Debug|Any CPU.ActiveCfg = Debug|Any CPU
		{AA94D832-1CCC-4715-95A9-A483F23A1A5D}.Debug|Any CPU.Build.0 = Debug|Any CPU
		{AA94D832-1CCC-4715-95A9-A483F23A1A5D}.Release|Any CPU.ActiveCfg = Release|Any CPU
		{AA94D832-1CCC-4715-95A9-A483F23A1A5D}.Release|Any CPU.Build.0 = Release|Any CPU
		{C5898D27-9B5F-4DC4-BECD-7E9DBC0DDD8C}.Debug|Any CPU.ActiveCfg = Debug|Any CPU
		{C5898D27-9B5F-4DC4-BECD-7E9DBC0DDD8C}.Debug|Any CPU.Build.0 = Debug|Any CPU
		{C5898D27-9B5F-4DC4-BECD-7E9DBC0DDD8C}.Release|Any CPU.ActiveCfg = Release|Any CPU
		{C5898D27-9B5F-4DC4-BECD-7E9DBC0DDD8C}.Release|Any CPU.Build.0 = Release|Any CPU
		{49CCE0F8-A65E-4832-92FF-9F29D73DFF36}.Debug|Any CPU.ActiveCfg = Debug|Any CPU
		{49CCE0F8-A65E-4832-92FF-9F29D73DFF36}.Debug|Any CPU.Build.0 = Debug|Any CPU
		{49CCE0F8-A65E-4832-92FF-9F29D73DFF36}.Release|Any CPU.ActiveCfg = Release|Any CPU
		{49CCE0F8-A65E-4832-92FF-9F29D73DFF36}.Release|Any CPU.Build.0 = Release|Any CPU
		{2B450A7A-5C96-4FA2-8CDC-861D0F8058E8}.Debug|Any CPU.ActiveCfg = Debug|Any CPU
		{2B450A7A-5C96-4FA2-8CDC-861D0F8058E8}.Debug|Any CPU.Build.0 = Debug|Any CPU
		{2B450A7A-5C96-4FA2-8CDC-861D0F8058E8}.Release|Any CPU.ActiveCfg = Release|Any CPU
		{2B450A7A-5C96-4FA2-8CDC-861D0F8058E8}.Release|Any CPU.Build.0 = Release|Any CPU
		{F17F10FB-9E6A-43B6-9E7C-5F0FB5F38A4C}.Debug|Any CPU.ActiveCfg = Debug|Any CPU
		{F17F10FB-9E6A-43B6-9E7C-5F0FB5F38A4C}.Debug|Any CPU.Build.0 = Debug|Any CPU
		{F17F10FB-9E6A-43B6-9E7C-5F0FB5F38A4C}.Release|Any CPU.ActiveCfg = Release|Any CPU
		{F17F10FB-9E6A-43B6-9E7C-5F0FB5F38A4C}.Release|Any CPU.Build.0 = Release|Any CPU
		{21B0012E-7D3C-4610-A36A-A7AE233D9E55}.Debug|Any CPU.ActiveCfg = Debug|Any CPU
		{21B0012E-7D3C-4610-A36A-A7AE233D9E55}.Debug|Any CPU.Build.0 = Debug|Any CPU
		{21B0012E-7D3C-4610-A36A-A7AE233D9E55}.Release|Any CPU.ActiveCfg = Release|Any CPU
		{21B0012E-7D3C-4610-A36A-A7AE233D9E55}.Release|Any CPU.Build.0 = Release|Any CPU
		{C2034CB4-6D7C-44AB-90F3-5F0AC12752B7}.Debug|Any CPU.ActiveCfg = Debug|Any CPU
		{C2034CB4-6D7C-44AB-90F3-5F0AC12752B7}.Debug|Any CPU.Build.0 = Debug|Any CPU
		{C2034CB4-6D7C-44AB-90F3-5F0AC12752B7}.Release|Any CPU.ActiveCfg = Release|Any CPU
		{C2034CB4-6D7C-44AB-90F3-5F0AC12752B7}.Release|Any CPU.Build.0 = Release|Any CPU
		{7BA44863-5E1B-4C63-8A9C-505C3E72B016}.Debug|Any CPU.ActiveCfg = Debug|Any CPU
		{7BA44863-5E1B-4C63-8A9C-505C3E72B016}.Debug|Any CPU.Build.0 = Debug|Any CPU
		{7BA44863-5E1B-4C63-8A9C-505C3E72B016}.Release|Any CPU.ActiveCfg = Release|Any CPU
		{7BA44863-5E1B-4C63-8A9C-505C3E72B016}.Release|Any CPU.Build.0 = Release|Any CPU
	EndGlobalSection
	GlobalSection(SolutionProperties) = preSolution
		HideSolutionNode = FALSE
	EndGlobalSection
	GlobalSection(NestedProjects) = preSolution
		{554AD327-6DBA-4F8F-96F8-81CE7A0C863F} = {9441C212-A1CA-474E-B371-21154786D518}
		{1A94A50E-06DC-43C1-80B5-B662820EC3EB} = {4AFA92D3-F1DD-4D75-BFEC-8A1D0D19492F}
		{C956DD76-69C8-4A9C-83EA-D17DF83340FD} = {22BD7364-1DB5-4B47-BBDC-080A5FDB8437}
		{50B2631D-129C-47B3-A587-029CCD6099BC} = {42FD09E3-15F7-43FA-8903-A8A1AB1422E5}
		{42F719ED-8413-4895-B5B4-5AB56079BC66} = {9441C212-A1CA-474E-B371-21154786D518}
		{520659C8-C734-4298-A3DA-B539DB9DFC0B} = {4AFA92D3-F1DD-4D75-BFEC-8A1D0D19492F}
		{4164BDF7-F527-4E85-9CE6-E3C2D7426A27} = {4AFA92D3-F1DD-4D75-BFEC-8A1D0D19492F}
		{3B5A0094-670D-4BB1-BFDD-61B88A8773DC} = {4AFA92D3-F1DD-4D75-BFEC-8A1D0D19492F}
		{073C361E-B8F4-49F5-93CC-72A3FF49C026} = {8F0E1468-824C-46B2-899E-B6C7AF78D4F6}
		{E6D5BF0E-DE92-4D82-A352-EF04B37CB11C} = {4AFA92D3-F1DD-4D75-BFEC-8A1D0D19492F}
		{1FE30EB9-74A9-47F5-A9F6-7B1FAB672D81} = {402E5808-B4FF-4606-9860-88DB671F5755}
		{91853F21-9CD9-4132-BC29-A7D5D84FFFE7} = {402E5808-B4FF-4606-9860-88DB671F5755}
		{E512F4D9-9375-480F-A2F6-A46509F9D824} = {402E5808-B4FF-4606-9860-88DB671F5755}
		{EF480016-9127-4916-8735-D2466BDBC582} = {42FD09E3-15F7-43FA-8903-A8A1AB1422E5}
		{AA94D832-1CCC-4715-95A9-A483F23A1A5D} = {22BD7364-1DB5-4B47-BBDC-080A5FDB8437}
		{061DAFCA-3F14-4165-9C30-DFD14AEF1B1D} = {CA9AC87F-097E-4F15-8393-4BC07735A5B0}
		{4AFA92D3-F1DD-4D75-BFEC-8A1D0D19492F} = {CA9AC87F-097E-4F15-8393-4BC07735A5B0}
		{370000CC-13DA-484A-A3FB-EDFD08011E6B} = {CA9AC87F-097E-4F15-8393-4BC07735A5B0}
		{8F0E1468-824C-46B2-899E-B6C7AF78D4F6} = {CA9AC87F-097E-4F15-8393-4BC07735A5B0}
		{9441C212-A1CA-474E-B371-21154786D518} = {370000CC-13DA-484A-A3FB-EDFD08011E6B}
		{22BD7364-1DB5-4B47-BBDC-080A5FDB8437} = {370000CC-13DA-484A-A3FB-EDFD08011E6B}
		{C5898D27-9B5F-4DC4-BECD-7E9DBC0DDD8C} = {061DAFCA-3F14-4165-9C30-DFD14AEF1B1D}
		{49CCE0F8-A65E-4832-92FF-9F29D73DFF36} = {061DAFCA-3F14-4165-9C30-DFD14AEF1B1D}
		{2B450A7A-5C96-4FA2-8CDC-861D0F8058E8} = {061DAFCA-3F14-4165-9C30-DFD14AEF1B1D}
		{F17F10FB-9E6A-43B6-9E7C-5F0FB5F38A4C} = {061DAFCA-3F14-4165-9C30-DFD14AEF1B1D}
		{21B0012E-7D3C-4610-A36A-A7AE233D9E55} = {061DAFCA-3F14-4165-9C30-DFD14AEF1B1D}
		{FD20E5CB-3C12-4542-9F99-FD79AAB5742E} = {04DBDB01-70F4-4E06-B468-8F87850B22BE}
		{42FD09E3-15F7-43FA-8903-A8A1AB1422E5} = {04DBDB01-70F4-4E06-B468-8F87850B22BE}
		{402E5808-B4FF-4606-9860-88DB671F5755} = {04DBDB01-70F4-4E06-B468-8F87850B22BE}
		{C2034CB4-6D7C-44AB-90F3-5F0AC12752B7} = {FD20E5CB-3C12-4542-9F99-FD79AAB5742E}
		{7BA44863-5E1B-4C63-8A9C-505C3E72B016} = {FD20E5CB-3C12-4542-9F99-FD79AAB5742E}
	EndGlobalSection
	GlobalSection(ExtensibilityGlobals) = postSolution
		SolutionGuid = {28315BFD-90E7-4E14-A2EA-F3D23AF4126F}
	EndGlobalSection
EndGlobal
